// !$*UTF8*$!
{
	archiveVersion = 1;
	classes = {
	};
	objectVersion = 46;
	objects = {

/* Begin PBXBuildFile section */
		A99856C2C23791A9B1271337 /* Pods_Tutorial.framework in Frameworks */ = {isa = PBXBuildFile; fileRef = 0668714A7C659FD8F3E1F4B9 /* Pods_Tutorial.framework */; };
		C54C4F041D8354640003CBBE /* AppDelegate.swift in Sources */ = {isa = PBXBuildFile; fileRef = C54C4F031D8354640003CBBE /* AppDelegate.swift */; };
		C54C4F061D8354640003CBBE /* ViewController.swift in Sources */ = {isa = PBXBuildFile; fileRef = C54C4F051D8354640003CBBE /* ViewController.swift */; };
		C54C4F091D8354640003CBBE /* Main.storyboard in Resources */ = {isa = PBXBuildFile; fileRef = C54C4F071D8354640003CBBE /* Main.storyboard */; };
		C54C4F0B1D8354640003CBBE /* Assets.xcassets in Resources */ = {isa = PBXBuildFile; fileRef = C54C4F0A1D8354640003CBBE /* Assets.xcassets */; };
		C54C4F0E1D8354640003CBBE /* LaunchScreen.storyboard in Resources */ = {isa = PBXBuildFile; fileRef = C54C4F0C1D8354640003CBBE /* LaunchScreen.storyboard */; };
		C54C4F161D83566C0003CBBE /* Client.swift in Sources */ = {isa = PBXBuildFile; fileRef = C54C4F151D83566C0003CBBE /* Client.swift */; };
		C54C4F181D835F1D0003CBBE /* Product.swift in Sources */ = {isa = PBXBuildFile; fileRef = C54C4F171D835F1D0003CBBE /* Product.swift */; };
		C54C4F1A1D83626E0003CBBE /* ProductTableViewCell.swift in Sources */ = {isa = PBXBuildFile; fileRef = C54C4F191D83626E0003CBBE /* ProductTableViewCell.swift */; };
		C54C4F1C1D8364E30003CBBE /* ProductViewController.swift in Sources */ = {isa = PBXBuildFile; fileRef = C54C4F1B1D8364E30003CBBE /* ProductViewController.swift */; };
/* End PBXBuildFile section */

/* Begin PBXFileReference section */
		0668714A7C659FD8F3E1F4B9 /* Pods_Tutorial.framework */ = {isa = PBXFileReference; explicitFileType = wrapper.framework; includeInIndex = 0; path = Pods_Tutorial.framework; sourceTree = BUILT_PRODUCTS_DIR; };
		434BA5F8845578CA5814C25B /* Pods-Tutorial.release.xcconfig */ = {isa = PBXFileReference; includeInIndex = 1; lastKnownFileType = text.xcconfig; name = "Pods-Tutorial.release.xcconfig"; path = "Pods/Target Support Files/Pods-Tutorial/Pods-Tutorial.release.xcconfig"; sourceTree = "<group>"; };
		C54C4F001D8354640003CBBE /* Tutorial.app */ = {isa = PBXFileReference; explicitFileType = wrapper.application; includeInIndex = 0; path = Tutorial.app; sourceTree = BUILT_PRODUCTS_DIR; };
		C54C4F031D8354640003CBBE /* AppDelegate.swift */ = {isa = PBXFileReference; lastKnownFileType = sourcecode.swift; path = AppDelegate.swift; sourceTree = "<group>"; };
		C54C4F051D8354640003CBBE /* ViewController.swift */ = {isa = PBXFileReference; lastKnownFileType = sourcecode.swift; path = ViewController.swift; sourceTree = "<group>"; };
		C54C4F081D8354640003CBBE /* Base */ = {isa = PBXFileReference; lastKnownFileType = file.storyboard; name = Base; path = Base.lproj/Main.storyboard; sourceTree = "<group>"; };
		C54C4F0A1D8354640003CBBE /* Assets.xcassets */ = {isa = PBXFileReference; lastKnownFileType = folder.assetcatalog; path = Assets.xcassets; sourceTree = "<group>"; };
		C54C4F0D1D8354640003CBBE /* Base */ = {isa = PBXFileReference; lastKnownFileType = file.storyboard; name = Base; path = Base.lproj/LaunchScreen.storyboard; sourceTree = "<group>"; };
		C54C4F0F1D8354640003CBBE /* Info.plist */ = {isa = PBXFileReference; lastKnownFileType = text.plist.xml; path = Info.plist; sourceTree = "<group>"; };
		C54C4F151D83566C0003CBBE /* Client.swift */ = {isa = PBXFileReference; fileEncoding = 4; lastKnownFileType = sourcecode.swift; path = Client.swift; sourceTree = "<group>"; };
		C54C4F171D835F1D0003CBBE /* Product.swift */ = {isa = PBXFileReference; fileEncoding = 4; lastKnownFileType = sourcecode.swift; path = Product.swift; sourceTree = "<group>"; };
		C54C4F191D83626E0003CBBE /* ProductTableViewCell.swift */ = {isa = PBXFileReference; fileEncoding = 4; lastKnownFileType = sourcecode.swift; path = ProductTableViewCell.swift; sourceTree = "<group>"; };
		C54C4F1B1D8364E30003CBBE /* ProductViewController.swift */ = {isa = PBXFileReference; fileEncoding = 4; lastKnownFileType = sourcecode.swift; path = ProductViewController.swift; sourceTree = "<group>"; };
		E6694521E1733E648A2AE192 /* Pods-Tutorial.debug.xcconfig */ = {isa = PBXFileReference; includeInIndex = 1; lastKnownFileType = text.xcconfig; name = "Pods-Tutorial.debug.xcconfig"; path = "Pods/Target Support Files/Pods-Tutorial/Pods-Tutorial.debug.xcconfig"; sourceTree = "<group>"; };
/* End PBXFileReference section */

/* Begin PBXFrameworksBuildPhase section */
		C54C4EFD1D8354640003CBBE /* Frameworks */ = {
			isa = PBXFrameworksBuildPhase;
			buildActionMask = 2147483647;
			files = (
				A99856C2C23791A9B1271337 /* Pods_Tutorial.framework in Frameworks */,
			);
			runOnlyForDeploymentPostprocessing = 0;
		};
/* End PBXFrameworksBuildPhase section */

/* Begin PBXGroup section */
		B2800F4D0646BDAF18407E1C /* Pods */ = {
			isa = PBXGroup;
			children = (
				E6694521E1733E648A2AE192 /* Pods-Tutorial.debug.xcconfig */,
				434BA5F8845578CA5814C25B /* Pods-Tutorial.release.xcconfig */,
			);
			name = Pods;
			sourceTree = "<group>";
		};
		C54C4EF71D8354640003CBBE = {
			isa = PBXGroup;
			children = (
				C54C4F021D8354640003CBBE /* Tutorial */,
				C54C4F011D8354640003CBBE /* Products */,
				B2800F4D0646BDAF18407E1C /* Pods */,
				D9971D600EA4872C3A721F8D /* Frameworks */,
			);
			sourceTree = "<group>";
		};
		C54C4F011D8354640003CBBE /* Products */ = {
			isa = PBXGroup;
			children = (
				C54C4F001D8354640003CBBE /* Tutorial.app */,
			);
			name = Products;
			sourceTree = "<group>";
		};
		C54C4F021D8354640003CBBE /* Tutorial */ = {
			isa = PBXGroup;
			children = (
				C54C4F031D8354640003CBBE /* AppDelegate.swift */,
				C54C4F151D83566C0003CBBE /* Client.swift */,
				C54C4F051D8354640003CBBE /* ViewController.swift */,
				C54C4F1B1D8364E30003CBBE /* ProductViewController.swift */,
				C54C4F191D83626E0003CBBE /* ProductTableViewCell.swift */,
				C54C4F071D8354640003CBBE /* Main.storyboard */,
				C54C4F0A1D8354640003CBBE /* Assets.xcassets */,
				C54C4F0C1D8354640003CBBE /* LaunchScreen.storyboard */,
				C54C4F0F1D8354640003CBBE /* Info.plist */,
				C54C4F171D835F1D0003CBBE /* Product.swift */,
			);
			path = Tutorial;
			sourceTree = "<group>";
		};
		D9971D600EA4872C3A721F8D /* Frameworks */ = {
			isa = PBXGroup;
			children = (
				0668714A7C659FD8F3E1F4B9 /* Pods_Tutorial.framework */,
			);
			name = Frameworks;
			sourceTree = "<group>";
		};
/* End PBXGroup section */

/* Begin PBXNativeTarget section */
		C54C4EFF1D8354640003CBBE /* Tutorial */ = {
			isa = PBXNativeTarget;
			buildConfigurationList = C54C4F121D8354640003CBBE /* Build configuration list for PBXNativeTarget "Tutorial" */;
			buildPhases = (
				8CC3FE10084F3301426F0EE6 /* [CP] Check Pods Manifest.lock */,
				C54C4EFC1D8354640003CBBE /* Sources */,
				C54C4EFD1D8354640003CBBE /* Frameworks */,
				C54C4EFE1D8354640003CBBE /* Resources */,
				99A37DAE15817595481317C8 /* [CP] Embed Pods Frameworks */,
				5E22E06E2CC7FD53EC7F1BD0 /* [CP] Copy Pods Resources */,
			);
			buildRules = (
			);
			dependencies = (
			);
			name = Tutorial;
			productName = Tutorial;
			productReference = C54C4F001D8354640003CBBE /* Tutorial.app */;
			productType = "com.apple.product-type.application";
		};
/* End PBXNativeTarget section */

/* Begin PBXProject section */
		C54C4EF81D8354640003CBBE /* Project object */ = {
			isa = PBXProject;
			attributes = {
				LastSwiftUpdateCheck = 0730;
				LastUpgradeCheck = 0730;
				ORGANIZATIONNAME = Fer662;
				TargetAttributes = {
					C54C4EFF1D8354640003CBBE = {
						CreatedOnToolsVersion = 7.3.1;
					};
				};
			};
			buildConfigurationList = C54C4EFB1D8354640003CBBE /* Build configuration list for PBXProject "Tutorial" */;
			compatibilityVersion = "Xcode 3.2";
			developmentRegion = English;
			hasScannedForEncodings = 0;
			knownRegions = (
				en,
				Base,
			);
			mainGroup = C54C4EF71D8354640003CBBE;
			productRefGroup = C54C4F011D8354640003CBBE /* Products */;
			projectDirPath = "";
			projectRoot = "";
			targets = (
				C54C4EFF1D8354640003CBBE /* Tutorial */,
			);
		};
/* End PBXProject section */

/* Begin PBXResourcesBuildPhase section */
		C54C4EFE1D8354640003CBBE /* Resources */ = {
			isa = PBXResourcesBuildPhase;
			buildActionMask = 2147483647;
			files = (
				C54C4F0E1D8354640003CBBE /* LaunchScreen.storyboard in Resources */,
				C54C4F0B1D8354640003CBBE /* Assets.xcassets in Resources */,
				C54C4F091D8354640003CBBE /* Main.storyboard in Resources */,
			);
			runOnlyForDeploymentPostprocessing = 0;
		};
/* End PBXResourcesBuildPhase section */

/* Begin PBXShellScriptBuildPhase section */
		5E22E06E2CC7FD53EC7F1BD0 /* [CP] Copy Pods Resources */ = {
			isa = PBXShellScriptBuildPhase;
			buildActionMask = 2147483647;
			files = (
			);
			inputPaths = (
			);
			name = "[CP] Copy Pods Resources";
			outputPaths = (
			);
			runOnlyForDeploymentPostprocessing = 0;
			shellPath = /bin/sh;
			shellScript = "\"${SRCROOT}/Pods/Target Support Files/Pods-Tutorial/Pods-Tutorial-resources.sh\"\n";
			showEnvVarsInLog = 0;
		};
		8CC3FE10084F3301426F0EE6 /* [CP] Check Pods Manifest.lock */ = {
			isa = PBXShellScriptBuildPhase;
			buildActionMask = 2147483647;
			files = (
			);
			inputPaths = (
			);
			name = "[CP] Check Pods Manifest.lock";
			outputPaths = (
			);
			runOnlyForDeploymentPostprocessing = 0;
			shellPath = /bin/sh;
			shellScript = "diff \"${PODS_ROOT}/../Podfile.lock\" \"${PODS_ROOT}/Manifest.lock\" > /dev/null\nif [[ $? != 0 ]] ; then\n    cat << EOM\nerror: The sandbox is not in sync with the Podfile.lock. Run 'pod install' or update your CocoaPods installation.\nEOM\n    exit 1\nfi\n";
			showEnvVarsInLog = 0;
		};
		99A37DAE15817595481317C8 /* [CP] Embed Pods Frameworks */ = {
			isa = PBXShellScriptBuildPhase;
			buildActionMask = 2147483647;
			files = (
			);
			inputPaths = (
			);
			name = "[CP] Embed Pods Frameworks";
			outputPaths = (
			);
			runOnlyForDeploymentPostprocessing = 0;
			shellPath = /bin/sh;
			shellScript = "\"${SRCROOT}/Pods/Target Support Files/Pods-Tutorial/Pods-Tutorial-frameworks.sh\"\n";
			showEnvVarsInLog = 0;
		};
/* End PBXShellScriptBuildPhase section */

/* Begin PBXSourcesBuildPhase section */
		C54C4EFC1D8354640003CBBE /* Sources */ = {
			isa = PBXSourcesBuildPhase;
			buildActionMask = 2147483647;
			files = (
				C54C4F1C1D8364E30003CBBE /* ProductViewController.swift in Sources */,
				C54C4F061D8354640003CBBE /* ViewController.swift in Sources */,
				C54C4F181D835F1D0003CBBE /* Product.swift in Sources */,
				C54C4F1A1D83626E0003CBBE /* ProductTableViewCell.swift in Sources */,
				C54C4F041D8354640003CBBE /* AppDelegate.swift in Sources */,
				C54C4F161D83566C0003CBBE /* Client.swift in Sources */,
			);
			runOnlyForDeploymentPostprocessing = 0;
		};
/* End PBXSourcesBuildPhase section */

/* Begin PBXVariantGroup section */
		C54C4F071D8354640003CBBE /* Main.storyboard */ = {
			isa = PBXVariantGroup;
			children = (
				C54C4F081D8354640003CBBE /* Base */,
			);
			name = Main.storyboard;
			sourceTree = "<group>";
		};
		C54C4F0C1D8354640003CBBE /* LaunchScreen.storyboard */ = {
			isa = PBXVariantGroup;
			children = (
				C54C4F0D1D8354640003CBBE /* Base */,
			);
			name = LaunchScreen.storyboard;
			sourceTree = "<group>";
		};
/* End PBXVariantGroup section */

/* Begin XCBuildConfiguration section */
		C54C4F101D8354640003CBBE /* Debug */ = {
			isa = XCBuildConfiguration;
			buildSettings = {
				ALWAYS_SEARCH_USER_PATHS = NO;
				CLANG_ANALYZER_NONNULL = YES;
				CLANG_CXX_LANGUAGE_STANDARD = "gnu++0x";
				CLANG_CXX_LIBRARY = "libc++";
				CLANG_ENABLE_MODULES = YES;
				CLANG_ENABLE_OBJC_ARC = YES;
				CLANG_WARN_BOOL_CONVERSION = YES;
				CLANG_WARN_CONSTANT_CONVERSION = YES;
				CLANG_WARN_DIRECT_OBJC_ISA_USAGE = YES_ERROR;
				CLANG_WARN_EMPTY_BODY = YES;
				CLANG_WARN_ENUM_CONVERSION = YES;
				CLANG_WARN_INT_CONVERSION = YES;
				CLANG_WARN_OBJC_ROOT_CLASS = YES_ERROR;
				CLANG_WARN_UNREACHABLE_CODE = YES;
				CLANG_WARN__DUPLICATE_METHOD_MATCH = YES;
				"CODE_SIGN_IDENTITY[sdk=iphoneos*]" = "iPhone Developer";
				COPY_PHASE_STRIP = NO;
				DEBUG_INFORMATION_FORMAT = dwarf;
				ENABLE_STRICT_OBJC_MSGSEND = YES;
				ENABLE_TESTABILITY = YES;
				GCC_C_LANGUAGE_STANDARD = gnu99;
				GCC_DYNAMIC_NO_PIC = NO;
				GCC_NO_COMMON_BLOCKS = YES;
				GCC_OPTIMIZATION_LEVEL = 0;
				GCC_PREPROCESSOR_DEFINITIONS = (
					"DEBUG=1",
					"$(inherited)",
				);
				GCC_WARN_64_TO_32_BIT_CONVERSION = YES;
				GCC_WARN_ABOUT_RETURN_TYPE = YES_ERROR;
				GCC_WARN_UNDECLARED_SELECTOR = YES;
				GCC_WARN_UNINITIALIZED_AUTOS = YES_AGGRESSIVE;
				GCC_WARN_UNUSED_FUNCTION = YES;
				GCC_WARN_UNUSED_VARIABLE = YES;
				IPHONEOS_DEPLOYMENT_TARGET = 9.3;
				MTL_ENABLE_DEBUG_INFO = YES;
				ONLY_ACTIVE_ARCH = YES;
				SDKROOT = iphoneos;
				SWIFT_OPTIMIZATION_LEVEL = "-Onone";
				TARGETED_DEVICE_FAMILY = "1,2";
			};
			name = Debug;
		};
		C54C4F111D8354640003CBBE /* Release */ = {
			isa = XCBuildConfiguration;
			buildSettings = {
				ALWAYS_SEARCH_USER_PATHS = NO;
				CLANG_ANALYZER_NONNULL = YES;
				CLANG_CXX_LANGUAGE_STANDARD = "gnu++0x";
				CLANG_CXX_LIBRARY = "libc++";
				CLANG_ENABLE_MODULES = YES;
				CLANG_ENABLE_OBJC_ARC = YES;
				CLANG_WARN_BOOL_CONVERSION = YES;
				CLANG_WARN_CONSTANT_CONVERSION = YES;
				CLANG_WARN_DIRECT_OBJC_ISA_USAGE = YES_ERROR;
				CLANG_WARN_EMPTY_BODY = YES;
				CLANG_WARN_ENUM_CONVERSION = YES;
				CLANG_WARN_INT_CONVERSION = YES;
				CLANG_WARN_OBJC_ROOT_CLASS = YES_ERROR;
				CLANG_WARN_UNREACHABLE_CODE = YES;
				CLANG_WARN__DUPLICATE_METHOD_MATCH = YES;
				"CODE_SIGN_IDENTITY[sdk=iphoneos*]" = "iPhone Developer";
				COPY_PHASE_STRIP = NO;
				DEBUG_INFORMATION_FORMAT = "dwarf-with-dsym";
				ENABLE_NS_ASSERTIONS = NO;
				ENABLE_STRICT_OBJC_MSGSEND = YES;
				GCC_C_LANGUAGE_STANDARD = gnu99;
				GCC_NO_COMMON_BLOCKS = YES;
				GCC_WARN_64_TO_32_BIT_CONVERSION = YES;
				GCC_WARN_ABOUT_RETURN_TYPE = YES_ERROR;
				GCC_WARN_UNDECLARED_SELECTOR = YES;
				GCC_WARN_UNINITIALIZED_AUTOS = YES_AGGRESSIVE;
				GCC_WARN_UNUSED_FUNCTION = YES;
				GCC_WARN_UNUSED_VARIABLE = YES;
				IPHONEOS_DEPLOYMENT_TARGET = 9.3;
				MTL_ENABLE_DEBUG_INFO = NO;
				SDKROOT = iphoneos;
				TARGETED_DEVICE_FAMILY = "1,2";
				VALIDATE_PRODUCT = YES;
			};
			name = Release;
		};
		C54C4F131D8354640003CBBE /* Debug */ = {
			isa = XCBuildConfiguration;
			baseConfigurationReference = E6694521E1733E648A2AE192 /* Pods-Tutorial.debug.xcconfig */;
			buildSettings = {
				ASSETCATALOG_COMPILER_APPICON_NAME = AppIcon;
				INFOPLIST_FILE = Tutorial/Info.plist;
				LD_RUNPATH_SEARCH_PATHS = "$(inherited) @executable_path/Frameworks";
				PRODUCT_BUNDLE_IDENTIFIER = com.test.Tutorial;
				PRODUCT_NAME = "$(TARGET_NAME)";
			};
			name = Debug;
		};
		C54C4F141D8354640003CBBE /* Release */ = {
			isa = XCBuildConfiguration;
			baseConfigurationReference = 434BA5F8845578CA5814C25B /* Pods-Tutorial.release.xcconfig */;
			buildSettings = {
				ASSETCATALOG_COMPILER_APPICON_NAME = AppIcon;
				INFOPLIST_FILE = Tutorial/Info.plist;
				LD_RUNPATH_SEARCH_PATHS = "$(inherited) @executable_path/Frameworks";
				PRODUCT_BUNDLE_IDENTIFIER = com.test.Tutorial;
				PRODUCT_NAME = "$(TARGET_NAME)";
			};
			name = Release;
		};
/* End XCBuildConfiguration section */

/* Begin XCConfigurationList section */
		C54C4EFB1D8354640003CBBE /* Build configuration list for PBXProject "Tutorial" */ = {
			isa = XCConfigurationList;
			buildConfigurations = (
				C54C4F101D8354640003CBBE /* Debug */,
				C54C4F111D8354640003CBBE /* Release */,
			);
			defaultConfigurationIsVisible = 0;
			defaultConfigurationName = Release;
		};
		C54C4F121D8354640003CBBE /* Build configuration list for PBXNativeTarget "Tutorial" */ = {
			isa = XCConfigurationList;
			buildConfigurations = (
				C54C4F131D8354640003CBBE /* Debug */,
				C54C4F141D8354640003CBBE /* Release */,
			);
			defaultConfigurationIsVisible = 0;
			defaultConfigurationName = Release;
		};
/* End XCConfigurationList section */
	};
	rootObject = C54C4EF81D8354640003CBBE /* Project object */;
}
